
Microsoft Visual Studio Solution File, Format Version 12.00
# Visual Studio 2013
VisualStudioVersion = 12.0.40629.0
MinimumVisualStudioVersion = 10.0.40219.1
Project("{FAE04EC0-301F-11D3-BF4B-00C04F79EFBC}") = "AppointmentFixturesProject", "AppointmentFixturesProject\AppointmentFixturesProject.csproj", "{C3D701F5-B7B0-4834-891E-A810EBB70A67}"
EndProject
Project("{FAE04EC0-301F-11D3-BF4B-00C04F79EFBC}") = "BO", "BO\BO.csproj", "{3A1C0B7D-8E67-4189-AE6B-29656C544624}"
EndProject
Project("{FAE04EC0-301F-11D3-BF4B-00C04F79EFBC}") = "BLL", "BLL\BLL.csproj", "{EE757E33-4006-4196-8A81-94D909F5D337}"
EndProject
Project("{FAE04EC0-301F-11D3-BF4B-00C04F79EFBC}") = "DAL", "DAL\DAL.csproj", "{10F3D114-428A-4EDA-B778-63CDF992346F}"
EndProject
Global
	GlobalSection(SolutionConfigurationPlatforms) = preSolution
		Debug|Any CPU = Debug|Any CPU
		Release|Any CPU = Release|Any CPU
	EndGlobalSection
	GlobalSection(ProjectConfigurationPlatforms) = postSolution
		{C3D701F5-B7B0-4834-891E-A810EBB70A67}.Debug|Any CPU.ActiveCfg = Debug|Any CPU
		{C3D701F5-B7B0-4834-891E-A810EBB70A67}.Debug|Any CPU.Build.0 = Debug|Any CPU
		{C3D701F5-B7B0-4834-891E-A810EBB70A67}.Release|Any CPU.ActiveCfg = Release|Any CPU
		{C3D701F5-B7B0-4834-891E-A810EBB70A67}.Release|Any CPU.Build.0 = Release|Any CPU
		{3A1C0B7D-8E67-4189-AE6B-29656C544624}.Debug|Any CPU.ActiveCfg = Debug|Any CPU
		{3A1C0B7D-8E67-4189-AE6B-29656C544624}.Debug|Any CPU.Build.0 = Debug|Any CPU
		{3A1C0B7D-8E67-4189-AE6B-29656C544624}.Release|Any CPU.ActiveCfg = Release|Any CPU
		{3A1C0B7D-8E67-4189-AE6B-29656C544624}.Release|Any CPU.Build.0 = Release|Any CPU
		{EE757E33-4006-4196-8A81-94D909F5D337}.Debug|Any CPU.ActiveCfg = Debug|Any CPU
		{EE757E33-4006-4196-8A81-94D909F5D337}.Debug|Any CPU.Build.0 = Debug|Any CPU
		{EE757E33-4006-4196-8A81-94D909F5D337}.Release|Any CPU.ActiveCfg = Release|Any CPU
		{EE757E33-4006-4196-8A81-94D909F5D337}.Release|Any CPU.Build.0 = Release|Any CPU
		{10F3D114-428A-4EDA-B778-63CDF992346F}.Debug|Any CPU.ActiveCfg = Debug|Any CPU
		{10F3D114-428A-4EDA-B778-63CDF992346F}.Debug|Any CPU.Build.0 = Debug|Any CPU
		{10F3D114-428A-4EDA-B778-63CDF992346F}.Release|Any CPU.ActiveCfg = Release|Any CPU
		{10F3D114-428A-4EDA-B778-63CDF992346F}.Release|Any CPU.Build.0 = Release|Any CPU
	EndGlobalSection
	GlobalSection(SolutionProperties) = preSolution
		HideSolutionNode = FALSE
	EndGlobalSection
EndGlobal
